
Microsoft Visual Studio Solution File, Format Version 12.00
# Visual Studio Version 17
VisualStudioVersion = 17.5.33502.453
MinimumVisualStudioVersion = 10.0.40219.1
Project("{2150E333-8FDC-42A3-9474-1A3956D46DE8}") = "Internal", "Internal", "{60676F6C-1F5A-4C63-A83D-B50CCA1E515C}"
	ProjectSection(SolutionItems) = preProject
		Internal\.editorconfig = Internal\.editorconfig
	EndProjectSection
EndProject
Project("{2150E333-8FDC-42A3-9474-1A3956D46DE8}") = "Scripts", "Scripts", "{8A1DD5E3-A05D-4FD2-9F04-BF34C340B061}"
EndProject
Project("{2150E333-8FDC-42A3-9474-1A3956D46DE8}") = "CompanionFiles", "CompanionFiles", "{FF94DA36-B2FC-4EEE-B2DC-2DFB5EC6D46C}"
EndProject
Project("{2150E333-8FDC-42A3-9474-1A3956D46DE8}") = "Skyline DataMiner", "Skyline DataMiner", "{CD00C8F7-0342-4DA6-AD11-10CDB292A854}"
	ProjectSection(SolutionItems) = preProject
		CompanionFiles\Skyline DataMiner\AboutThisFolder.md = CompanionFiles\Skyline DataMiner\AboutThisFolder.md
	EndProjectSection
EndProject
Project("{2150E333-8FDC-42A3-9474-1A3956D46DE8}") = "Documentation", "Documentation", "{F0D43D54-5733-4FFB-815D-73875FA5111C}"
	ProjectSection(SolutionItems) = preProject
		Documentation\ABOUT.md = Documentation\ABOUT.md
		README.md = README.md
	EndProjectSection
EndProject
Project("{2150E333-8FDC-42A3-9474-1A3956D46DE8}") = "Tests", "Tests", "{F8938D60-51A0-4880-9CFC-19C66379BB5D}"
EndProject
Project("{2150E333-8FDC-42A3-9474-1A3956D46DE8}") = "Code Analysis", "Code Analysis", "{9BF552C7-A1BC-4BB1-AC18-CD4108734263}"
	ProjectSection(SolutionItems) = preProject
		Internal\Code Analysis\qaction-debug.ruleset = Internal\Code Analysis\qaction-debug.ruleset
		Internal\Code Analysis\qaction-release.ruleset = Internal\Code Analysis\qaction-release.ruleset
		Internal\Code Analysis\stylecop.json = Internal\Code Analysis\stylecop.json
	EndProjectSection
EndProject
Project("{2150E333-8FDC-42A3-9474-1A3956D46DE8}") = "DataSource1", "DataSource1", "{0F08BCEF-4666-442E-A1E9-92186F3591C5}"
	ProjectSection(SolutionItems) = preProject
		DataSource1.xml = DataSource1.xml
	EndProjectSection
EndProject
Project("{2150E333-8FDC-42A3-9474-1A3956D46DE8}") = "Actions", "Actions", "{E50B7115-A4C6-4856-8E94-238C12EE9BE8}"
EndProject
Project("{9A19103F-16F7-4668-BE54-9A1E7A4F7556}") = "DataSource1_1", "DataSource1_1\DataSource1_1.csproj", "{1ED4074D-8060-4AC9-8B2A-EFEF57CBC62E}"
EndProject
Global
	GlobalSection(SolutionConfigurationPlatforms) = preSolution
		Debug|Any CPU = Debug|Any CPU
		Release|Any CPU = Release|Any CPU
	EndGlobalSection
	GlobalSection(ProjectConfigurationPlatforms) = postSolution
		{1ED4074D-8060-4AC9-8B2A-EFEF57CBC62E}.Debug|Any CPU.ActiveCfg = Debug|Any CPU
		{1ED4074D-8060-4AC9-8B2A-EFEF57CBC62E}.Debug|Any CPU.Build.0 = Debug|Any CPU
		{1ED4074D-8060-4AC9-8B2A-EFEF57CBC62E}.Release|Any CPU.ActiveCfg = Release|Any CPU
		{1ED4074D-8060-4AC9-8B2A-EFEF57CBC62E}.Release|Any CPU.Build.0 = Release|Any CPU
	EndGlobalSection
	GlobalSection(SolutionProperties) = preSolution
		HideSolutionNode = FALSE
	EndGlobalSection
	GlobalSection(NestedProjects) = preSolution
		{CD00C8F7-0342-4DA6-AD11-10CDB292A854} = {FF94DA36-B2FC-4EEE-B2DC-2DFB5EC6D46C}
		{9BF552C7-A1BC-4BB1-AC18-CD4108734263} = {60676F6C-1F5A-4C63-A83D-B50CCA1E515C}
		{0F08BCEF-4666-442E-A1E9-92186F3591C5} = {8A1DD5E3-A05D-4FD2-9F04-BF34C340B061}
		{E50B7115-A4C6-4856-8E94-238C12EE9BE8} = {0F08BCEF-4666-442E-A1E9-92186F3591C5}
		{1ED4074D-8060-4AC9-8B2A-EFEF57CBC62E} = {E50B7115-A4C6-4856-8E94-238C12EE9BE8}
	EndGlobalSection
	GlobalSection(ExtensibilityGlobals) = postSolution
		SolutionGuid = {229CB698-1C83-41AF-9609-81AED9FD6414}
	EndGlobalSection
EndGlobal
